
Microsoft Visual Studio Solution File, Format Version 12.00
# Visual Studio 15
VisualStudioVersion = 15.0.27703.2026
MinimumVisualStudioVersion = 10.0.40219.1
Project("{FAE04EC0-301F-11D3-BF4B-00C04F79EFBC}") = "Manager", "Manager\Manager.csproj", "{E1130DF8-F956-4F63-849B-BC9FC9A536D9}"
EndProject
Global
	GlobalSection(SolutionConfigurationPlatforms) = preSolution
		Debug|Any CPU = Debug|Any CPU
		Release|Any CPU = Release|Any CPU
	EndGlobalSection
	GlobalSection(ProjectConfigurationPlatforms) = postSolution
		{E1130DF8-F956-4F63-849B-BC9FC9A536D9}.Debug|Any CPU.ActiveCfg = Debug|Any CPU
		{E1130DF8-F956-4F63-849B-BC9FC9A536D9}.Debug|Any CPU.Build.0 = Debug|Any CPU
		{E1130DF8-F956-4F63-849B-BC9FC9A536D9}.Release|Any CPU.ActiveCfg = Release|Any CPU
		{E1130DF8-F956-4F63-849B-BC9FC9A536D9}.Release|Any CPU.Build.0 = Release|Any CPU
	EndGlobalSection
	GlobalSection(SolutionProperties) = preSolution
		HideSolutionNode = FALSE
	EndGlobalSection
	GlobalSection(ExtensibilityGlobals) = postSolution
		SolutionGuid = {6BCFE90A-53A0-4169-ACAC-1A24D8789332}
	EndGlobalSection
EndGlobal
